
Microsoft Visual Studio Solution File, Format Version 12.00
Project("{2150E333-8FDC-42A3-9474-1A3956D46DE8}") = "AuthService", "AuthService", "{90BC035F-59C0-4293-87A7-97C7E44FA7F3}"
EndProject
Project("{FAE04EC0-301F-11D3-BF4B-00C04F79EFBC}") = "AuthService.Api", "AuthService.Api\AuthService.Api.csproj", "{70F0C0BE-A745-49EC-B3EE-3B2C87FECF9F}"
EndProject
Project("{FAE04EC0-301F-11D3-BF4B-00C04F79EFBC}") = "AuthService.Infrastructure", "AuthService.Infrastructure\AuthService.Infrastructure.csproj", "{1C3EBD35-34BC-4ADE-9C8C-AC2A18DF18E0}"
EndProject
Project("{FAE04EC0-301F-11D3-BF4B-00C04F79EFBC}") = "AuthService.Application", "AuthService.Application\AuthService.Application.csproj", "{805C4A74-0B06-479D-9DDD-B56962F06182}"
EndProject
Project("{FAE04EC0-301F-11D3-BF4B-00C04F79EFBC}") = "AuthService.Domain", "AuthService.Domain\AuthService.Domain.csproj", "{386BEC8D-7B13-4AEA-9AE7-CBB9145A7F26}"
EndProject
Global
	GlobalSection(SolutionConfigurationPlatforms) = preSolution
		Debug|Any CPU = Debug|Any CPU
		Release|Any CPU = Release|Any CPU
	EndGlobalSection
	GlobalSection(NestedProjects) = preSolution
		{70F0C0BE-A745-49EC-B3EE-3B2C87FECF9F} = {90BC035F-59C0-4293-87A7-97C7E44FA7F3}
		{1C3EBD35-34BC-4ADE-9C8C-AC2A18DF18E0} = {90BC035F-59C0-4293-87A7-97C7E44FA7F3}
		{805C4A74-0B06-479D-9DDD-B56962F06182} = {90BC035F-59C0-4293-87A7-97C7E44FA7F3}
		{386BEC8D-7B13-4AEA-9AE7-CBB9145A7F26} = {90BC035F-59C0-4293-87A7-97C7E44FA7F3}
	EndGlobalSection
	GlobalSection(ProjectConfigurationPlatforms) = postSolution
		{70F0C0BE-A745-49EC-B3EE-3B2C87FECF9F}.Debug|Any CPU.ActiveCfg = Debug|Any CPU
		{70F0C0BE-A745-49EC-B3EE-3B2C87FECF9F}.Debug|Any CPU.Build.0 = Debug|Any CPU
		{70F0C0BE-A745-49EC-B3EE-3B2C87FECF9F}.Release|Any CPU.ActiveCfg = Release|Any CPU
		{70F0C0BE-A745-49EC-B3EE-3B2C87FECF9F}.Release|Any CPU.Build.0 = Release|Any CPU
		{1C3EBD35-34BC-4ADE-9C8C-AC2A18DF18E0}.Debug|Any CPU.ActiveCfg = Debug|Any CPU
		{1C3EBD35-34BC-4ADE-9C8C-AC2A18DF18E0}.Debug|Any CPU.Build.0 = Debug|Any CPU
		{1C3EBD35-34BC-4ADE-9C8C-AC2A18DF18E0}.Release|Any CPU.ActiveCfg = Release|Any CPU
		{1C3EBD35-34BC-4ADE-9C8C-AC2A18DF18E0}.Release|Any CPU.Build.0 = Release|Any CPU
		{805C4A74-0B06-479D-9DDD-B56962F06182}.Debug|Any CPU.ActiveCfg = Debug|Any CPU
		{805C4A74-0B06-479D-9DDD-B56962F06182}.Debug|Any CPU.Build.0 = Debug|Any CPU
		{805C4A74-0B06-479D-9DDD-B56962F06182}.Release|Any CPU.ActiveCfg = Release|Any CPU
		{805C4A74-0B06-479D-9DDD-B56962F06182}.Release|Any CPU.Build.0 = Release|Any CPU
		{386BEC8D-7B13-4AEA-9AE7-CBB9145A7F26}.Debug|Any CPU.ActiveCfg = Debug|Any CPU
		{386BEC8D-7B13-4AEA-9AE7-CBB9145A7F26}.Debug|Any CPU.Build.0 = Debug|Any CPU
		{386BEC8D-7B13-4AEA-9AE7-CBB9145A7F26}.Release|Any CPU.ActiveCfg = Release|Any CPU
		{386BEC8D-7B13-4AEA-9AE7-CBB9145A7F26}.Release|Any CPU.Build.0 = Release|Any CPU
	EndGlobalSection
EndGlobal
